
Microsoft Visual Studio Solution File, Format Version 12.00
# Visual Studio Version 17
VisualStudioVersion = 17.7.34031.279
MinimumVisualStudioVersion = 10.0.40219.1
Project("{FAE04EC0-301F-11D3-BF4B-00C04F79EFBC}") = "TestForGit2", "TestForGit2\TestForGit2.csproj", "{CAAB0469-7FBD-41D8-B6AC-B8A8E98AC375}"
EndProject
Global
	GlobalSection(SolutionConfigurationPlatforms) = preSolution
		Debug|Any CPU = Debug|Any CPU
		Release|Any CPU = Release|Any CPU
	EndGlobalSection
	GlobalSection(ProjectConfigurationPlatforms) = postSolution
		{CAAB0469-7FBD-41D8-B6AC-B8A8E98AC375}.Debug|Any CPU.ActiveCfg = Debug|Any CPU
		{CAAB0469-7FBD-41D8-B6AC-B8A8E98AC375}.Debug|Any CPU.Build.0 = Debug|Any CPU
		{CAAB0469-7FBD-41D8-B6AC-B8A8E98AC375}.Release|Any CPU.ActiveCfg = Release|Any CPU
		{CAAB0469-7FBD-41D8-B6AC-B8A8E98AC375}.Release|Any CPU.Build.0 = Release|Any CPU
	EndGlobalSection
	GlobalSection(SolutionProperties) = preSolution
		HideSolutionNode = FALSE
	EndGlobalSection
	GlobalSection(ExtensibilityGlobals) = postSolution
		SolutionGuid = {CB9380D1-9DEE-4E2B-9848-470E015F0FF0}
	EndGlobalSection
EndGlobal
